
Microsoft Visual Studio Solution File, Format Version 12.00
# Visual Studio Version 16
VisualStudioVersion = 16.0.31911.196
MinimumVisualStudioVersion = 10.0.40219.1
Project("{FAE04EC0-301F-11D3-BF4B-00C04F79EFBC}") = "ShopLearning", "ShopLearning\ShopLearning.csproj", "{01DD5FBE-AC73-446E-B7DF-52C9EDB50082}"
EndProject
Global
	GlobalSection(SolutionConfigurationPlatforms) = preSolution
		Debug|Any CPU = Debug|Any CPU
		Release|Any CPU = Release|Any CPU
	EndGlobalSection
	GlobalSection(ProjectConfigurationPlatforms) = postSolution
		{01DD5FBE-AC73-446E-B7DF-52C9EDB50082}.Debug|Any CPU.ActiveCfg = Debug|Any CPU
		{01DD5FBE-AC73-446E-B7DF-52C9EDB50082}.Debug|Any CPU.Build.0 = Debug|Any CPU
		{01DD5FBE-AC73-446E-B7DF-52C9EDB50082}.Release|Any CPU.ActiveCfg = Release|Any CPU
		{01DD5FBE-AC73-446E-B7DF-52C9EDB50082}.Release|Any CPU.Build.0 = Release|Any CPU
	EndGlobalSection
	GlobalSection(SolutionProperties) = preSolution
		HideSolutionNode = FALSE
	EndGlobalSection
	GlobalSection(ExtensibilityGlobals) = postSolution
		SolutionGuid = {7B94DFE8-B0CD-4BF0-AA2F-331881391109}
	EndGlobalSection
EndGlobal
